
Microsoft Visual Studio Solution File, Format Version 12.00
# Visual Studio 15
VisualStudioVersion = 15.0.27004.2010
MinimumVisualStudioVersion = 10.0.40219.1
Project("{9A19103F-16F7-4668-BE54-9A1E7A4F7556}") = "Lab.AkkaNet.Banking.Vanilla", "Lab.AkkaNet.Banking.Vanilla\Lab.AkkaNet.Banking.Vanilla.csproj", "{B8DD3BC8-EA07-4D37-BA76-1A0A46892B73}"
EndProject
Project("{9A19103F-16F7-4668-BE54-9A1E7A4F7556}") = "Lab.AkkaNet.Banking.Actors", "Lab.AkkaNet.Banking.Actors\Lab.AkkaNet.Banking.Actors.csproj", "{CC7B8EA1-8B56-4C78-A12D-B1C0A0C8A50C}"
EndProject
Project("{FAE04EC0-301F-11D3-BF4B-00C04F79EFBC}") = "Lab.AkkaNet.Banking.Example", "Lab.AkkaNet.Banking.Example\Lab.AkkaNet.Banking.Example.csproj", "{A11B7559-F2AD-4ADF-8DF1-74DA96A6C9A9}"
EndProject
Global
	GlobalSection(SolutionConfigurationPlatforms) = preSolution
		Debug|Any CPU = Debug|Any CPU
		Release|Any CPU = Release|Any CPU
	EndGlobalSection
	GlobalSection(ProjectConfigurationPlatforms) = postSolution
		{B8DD3BC8-EA07-4D37-BA76-1A0A46892B73}.Debug|Any CPU.ActiveCfg = Debug|Any CPU
		{B8DD3BC8-EA07-4D37-BA76-1A0A46892B73}.Debug|Any CPU.Build.0 = Debug|Any CPU
		{B8DD3BC8-EA07-4D37-BA76-1A0A46892B73}.Release|Any CPU.ActiveCfg = Release|Any CPU
		{B8DD3BC8-EA07-4D37-BA76-1A0A46892B73}.Release|Any CPU.Build.0 = Release|Any CPU
		{CC7B8EA1-8B56-4C78-A12D-B1C0A0C8A50C}.Debug|Any CPU.ActiveCfg = Debug|Any CPU
		{CC7B8EA1-8B56-4C78-A12D-B1C0A0C8A50C}.Debug|Any CPU.Build.0 = Debug|Any CPU
		{CC7B8EA1-8B56-4C78-A12D-B1C0A0C8A50C}.Release|Any CPU.ActiveCfg = Release|Any CPU
		{CC7B8EA1-8B56-4C78-A12D-B1C0A0C8A50C}.Release|Any CPU.Build.0 = Release|Any CPU
		{A11B7559-F2AD-4ADF-8DF1-74DA96A6C9A9}.Debug|Any CPU.ActiveCfg = Debug|Any CPU
		{A11B7559-F2AD-4ADF-8DF1-74DA96A6C9A9}.Debug|Any CPU.Build.0 = Debug|Any CPU
		{A11B7559-F2AD-4ADF-8DF1-74DA96A6C9A9}.Release|Any CPU.ActiveCfg = Release|Any CPU
		{A11B7559-F2AD-4ADF-8DF1-74DA96A6C9A9}.Release|Any CPU.Build.0 = Release|Any CPU
	EndGlobalSection
	GlobalSection(SolutionProperties) = preSolution
		HideSolutionNode = FALSE
	EndGlobalSection
	GlobalSection(ExtensibilityGlobals) = postSolution
		SolutionGuid = {B90B7A58-8F83-4FAC-AE34-76A57E892D3E}
	EndGlobalSection
EndGlobal
